// !$*UTF8*$!
{
	archiveVersion = 1;
	classes = {
	};
	objectVersion = 46;
	objects = {

/* Begin PBXBuildFile section */
		F35596F314E7CE13009B6217 /* Storyboard.storyboard in Resources */ = {isa = PBXBuildFile; fileRef = F35596F514E7CE13009B6217 /* Storyboard.storyboard */; };
		F35E780A14E481D1000185F2 /* KitchenProductSingleInformationViewController.m in Sources */ = {isa = PBXBuildFile; fileRef = F35E780914E481D1000185F2 /* KitchenProductSingleInformationViewController.m */; };
		F36AF8EC14E5B0EC007D00A7 /* BasketProductListViewController.m in Sources */ = {isa = PBXBuildFile; fileRef = F36AF8EB14E5B0EC007D00A7 /* BasketProductListViewController.m */; };
		F36AF8F014E5BCED007D00A7 /* BasketCheckBoxUIControl.m in Sources */ = {isa = PBXBuildFile; fileRef = F36AF8EF14E5BCED007D00A7 /* BasketCheckBoxUIControl.m */; };
		F36AF90F14E5D1AE007D00A7 /* glyphicons_150_check@2x.png in Resources */ = {isa = PBXBuildFile; fileRef = F36AF90B14E5D1AD007D00A7 /* glyphicons_150_check@2x.png */; };
		F36AF91014E5D1AE007D00A7 /* glyphicons_150_uncheck@2x.png in Resources */ = {isa = PBXBuildFile; fileRef = F36AF90C14E5D1AD007D00A7 /* glyphicons_150_uncheck@2x.png */; };
		F36AF91114E5D1AE007D00A7 /* glyphicons_150_uncheck.png in Resources */ = {isa = PBXBuildFile; fileRef = F36AF90D14E5D1AD007D00A7 /* glyphicons_150_uncheck.png */; };
		F36AF91214E5D1AE007D00A7 /* glyphicons_150_check.png in Resources */ = {isa = PBXBuildFile; fileRef = F36AF90E14E5D1AE007D00A7 /* glyphicons_150_check.png */; };
		F36AF91514E5DF36007D00A7 /* BasketProduct.m in Sources */ = {isa = PBXBuildFile; fileRef = F36AF91414E5DF36007D00A7 /* BasketProduct.m */; };
		F36AF91814E5E1F9007D00A7 /* BasketProductSingleViewController.m in Sources */ = {isa = PBXBuildFile; fileRef = F36AF91714E5E1F9007D00A7 /* BasketProductSingleViewController.m */; };
		F3AEEB6314E2AF66005DBEC0 /* UIKit.framework in Frameworks */ = {isa = PBXBuildFile; fileRef = F3AEEB6214E2AF66005DBEC0 /* UIKit.framework */; };
		F3AEEB6514E2AF66005DBEC0 /* Foundation.framework in Frameworks */ = {isa = PBXBuildFile; fileRef = F3AEEB6414E2AF66005DBEC0 /* Foundation.framework */; };
		F3AEEB6714E2AF66005DBEC0 /* CoreGraphics.framework in Frameworks */ = {isa = PBXBuildFile; fileRef = F3AEEB6614E2AF66005DBEC0 /* CoreGraphics.framework */; };
		F3AEEB6914E2AF66005DBEC0 /* CoreData.framework in Frameworks */ = {isa = PBXBuildFile; fileRef = F3AEEB6814E2AF66005DBEC0 /* CoreData.framework */; };
		F3AEEB6F14E2AF66005DBEC0 /* InfoPlist.strings in Resources */ = {isa = PBXBuildFile; fileRef = F3AEEB6D14E2AF66005DBEC0 /* InfoPlist.strings */; };
		F3AEEB7114E2AF66005DBEC0 /* main.m in Sources */ = {isa = PBXBuildFile; fileRef = F3AEEB7014E2AF66005DBEC0 /* main.m */; };
		F3AEEB7514E2AF66005DBEC0 /* AppDelegate.m in Sources */ = {isa = PBXBuildFile; fileRef = F3AEEB7414E2AF66005DBEC0 /* AppDelegate.m */; };
		F3AEEB7814E2AF66005DBEC0 /* Kitchen.xcdatamodeld in Sources */ = {isa = PBXBuildFile; fileRef = F3AEEB7614E2AF66005DBEC0 /* Kitchen.xcdatamodeld */; };
		F3AEEB8014E2B13F005DBEC0 /* Setting.m in Sources */ = {isa = PBXBuildFile; fileRef = F3AEEB7F14E2B13F005DBEC0 /* Setting.m */; };
		F3AEEB8314E2B154005DBEC0 /* Product.m in Sources */ = {isa = PBXBuildFile; fileRef = F3AEEB8214E2B154005DBEC0 /* Product.m */; };
		F3AEEB8614E2B155005DBEC0 /* Recipe.m in Sources */ = {isa = PBXBuildFile; fileRef = F3AEEB8514E2B155005DBEC0 /* Recipe.m */; };
		F3AEEB9214E2B21C005DBEC0 /* shopping_cart@2x.png in Resources */ = {isa = PBXBuildFile; fileRef = F3AEEB9014E2B21C005DBEC0 /* shopping_cart@2x.png */; };
		F3AEEB9314E2B21C005DBEC0 /* shopping_cart.png in Resources */ = {isa = PBXBuildFile; fileRef = F3AEEB9114E2B21C005DBEC0 /* shopping_cart.png */; };
		F3AEEB9614E2B22E005DBEC0 /* warning_sign@2x.png in Resources */ = {isa = PBXBuildFile; fileRef = F3AEEB9414E2B22E005DBEC0 /* warning_sign@2x.png */; };
		F3AEEB9714E2B22E005DBEC0 /* warning_sign.png in Resources */ = {isa = PBXBuildFile; fileRef = F3AEEB9514E2B22E005DBEC0 /* warning_sign.png */; };
		F3AEEB9A14E2B30E005DBEC0 /* glyphicons_277_pizza.png in Resources */ = {isa = PBXBuildFile; fileRef = F3AEEB9814E2B30E005DBEC0 /* glyphicons_277_pizza.png */; };
		F3AEEB9B14E2B30E005DBEC0 /* glyphicons_277_pizza@2x.png in Resources */ = {isa = PBXBuildFile; fileRef = F3AEEB9914E2B30E005DBEC0 /* glyphicons_277_pizza@2x.png */; };
		F3AEEB9E14E2B335005DBEC0 /* glyphicons_020_home.png in Resources */ = {isa = PBXBuildFile; fileRef = F3AEEB9C14E2B335005DBEC0 /* glyphicons_020_home.png */; };
		F3AEEB9F14E2B335005DBEC0 /* glyphicons_020_home@2x.png in Resources */ = {isa = PBXBuildFile; fileRef = F3AEEB9D14E2B335005DBEC0 /* glyphicons_020_home@2x.png */; };
		F3AEEBA214E2B344005DBEC0 /* glyphicons_012_heart.png in Resources */ = {isa = PBXBuildFile; fileRef = F3AEEBA014E2B344005DBEC0 /* glyphicons_012_heart.png */; };
		F3AEEBA314E2B344005DBEC0 /* glyphicons_012_heart@2x.png in Resources */ = {isa = PBXBuildFile; fileRef = F3AEEBA114E2B344005DBEC0 /* glyphicons_012_heart@2x.png */; };
		F3AEEBA914E2B8A4005DBEC0 /* KitchenProductListViewController.m in Sources */ = {isa = PBXBuildFile; fileRef = F3AEEBA814E2B8A4005DBEC0 /* KitchenProductListViewController.m */; };
		F3BB610E14E6A11B0055CB71 /* AttentionProductListViewController.m in Sources */ = {isa = PBXBuildFile; fileRef = F3BB610D14E6A11B0055CB71 /* AttentionProductListViewController.m */; };
		F3BB611514E6B9390055CB71 /* RecipeWebViewController.m in Sources */ = {isa = PBXBuildFile; fileRef = F3BB611414E6B9390055CB71 /* RecipeWebViewController.m */; };
		F3EBADD214E7102000756854 /* iPhone.png in Resources */ = {isa = PBXBuildFile; fileRef = F3EBADD114E7102000756854 /* iPhone.png */; };
		F3EBADD614E710F500756854 /* iPhone4.png in Resources */ = {isa = PBXBuildFile; fileRef = F3EBADD514E710F500756854 /* iPhone4.png */; };
/* End PBXBuildFile section */

/* Begin PBXFileReference section */
		F35596F414E7CE13009B6217 /* en */ = {isa = PBXFileReference; lastKnownFileType = file.storyboard; name = en; path = en.lproj/Storyboard.storyboard; sourceTree = "<group>"; };
		F35596F614E7CF6D009B6217 /* de */ = {isa = PBXFileReference; lastKnownFileType = file.storyboard; name = de; path = de.lproj/Storyboard.storyboard; sourceTree = "<group>"; };
		F35E780814E481D1000185F2 /* KitchenProductSingleInformationViewController.h */ = {isa = PBXFileReference; fileEncoding = 4; lastKnownFileType = sourcecode.c.h; path = KitchenProductSingleInformationViewController.h; sourceTree = "<group>"; };
		F35E780914E481D1000185F2 /* KitchenProductSingleInformationViewController.m */ = {isa = PBXFileReference; fileEncoding = 4; lastKnownFileType = sourcecode.c.objc; path = KitchenProductSingleInformationViewController.m; sourceTree = "<group>"; };
		F36AF8EA14E5B0EC007D00A7 /* BasketProductListViewController.h */ = {isa = PBXFileReference; fileEncoding = 4; lastKnownFileType = sourcecode.c.h; path = BasketProductListViewController.h; sourceTree = "<group>"; };
		F36AF8EB14E5B0EC007D00A7 /* BasketProductListViewController.m */ = {isa = PBXFileReference; fileEncoding = 4; lastKnownFileType = sourcecode.c.objc; path = BasketProductListViewController.m; sourceTree = "<group>"; };
		F36AF8EE14E5BCED007D00A7 /* BasketCheckBoxUIControl.h */ = {isa = PBXFileReference; fileEncoding = 4; lastKnownFileType = sourcecode.c.h; path = BasketCheckBoxUIControl.h; sourceTree = "<group>"; };
		F36AF8EF14E5BCED007D00A7 /* BasketCheckBoxUIControl.m */ = {isa = PBXFileReference; fileEncoding = 4; lastKnownFileType = sourcecode.c.objc; path = BasketCheckBoxUIControl.m; sourceTree = "<group>"; };
		F36AF90B14E5D1AD007D00A7 /* glyphicons_150_check@2x.png */ = {isa = PBXFileReference; lastKnownFileType = image.png; path = "glyphicons_150_check@2x.png"; sourceTree = "<group>"; };
		F36AF90C14E5D1AD007D00A7 /* glyphicons_150_uncheck@2x.png */ = {isa = PBXFileReference; lastKnownFileType = image.png; path = "glyphicons_150_uncheck@2x.png"; sourceTree = "<group>"; };
		F36AF90D14E5D1AD007D00A7 /* glyphicons_150_uncheck.png */ = {isa = PBXFileReference; lastKnownFileType = image.png; path = glyphicons_150_uncheck.png; sourceTree = "<group>"; };
		F36AF90E14E5D1AE007D00A7 /* glyphicons_150_check.png */ = {isa = PBXFileReference; lastKnownFileType = image.png; path = glyphicons_150_check.png; sourceTree = "<group>"; };
		F36AF91314E5DF36007D00A7 /* BasketProduct.h */ = {isa = PBXFileReference; fileEncoding = 4; lastKnownFileType = sourcecode.c.h; path = BasketProduct.h; sourceTree = "<group>"; };
		F36AF91414E5DF36007D00A7 /* BasketProduct.m */ = {isa = PBXFileReference; fileEncoding = 4; lastKnownFileType = sourcecode.c.objc; path = BasketProduct.m; sourceTree = "<group>"; };
		F36AF91614E5E1F9007D00A7 /* BasketProductSingleViewController.h */ = {isa = PBXFileReference; fileEncoding = 4; lastKnownFileType = sourcecode.c.h; path = BasketProductSingleViewController.h; sourceTree = "<group>"; };
		F36AF91714E5E1F9007D00A7 /* BasketProductSingleViewController.m */ = {isa = PBXFileReference; fileEncoding = 4; lastKnownFileType = sourcecode.c.objc; path = BasketProductSingleViewController.m; sourceTree = "<group>"; };
		F3AEEB5E14E2AF66005DBEC0 /* Kitchen.app */ = {isa = PBXFileReference; explicitFileType = wrapper.application; includeInIndex = 0; path = Kitchen.app; sourceTree = BUILT_PRODUCTS_DIR; };
		F3AEEB6214E2AF66005DBEC0 /* UIKit.framework */ = {isa = PBXFileReference; lastKnownFileType = wrapper.framework; name = UIKit.framework; path = System/Library/Frameworks/UIKit.framework; sourceTree = SDKROOT; };
		F3AEEB6414E2AF66005DBEC0 /* Foundation.framework */ = {isa = PBXFileReference; lastKnownFileType = wrapper.framework; name = Foundation.framework; path = System/Library/Frameworks/Foundation.framework; sourceTree = SDKROOT; };
		F3AEEB6614E2AF66005DBEC0 /* CoreGraphics.framework */ = {isa = PBXFileReference; lastKnownFileType = wrapper.framework; name = CoreGraphics.framework; path = System/Library/Frameworks/CoreGraphics.framework; sourceTree = SDKROOT; };
		F3AEEB6814E2AF66005DBEC0 /* CoreData.framework */ = {isa = PBXFileReference; lastKnownFileType = wrapper.framework; name = CoreData.framework; path = System/Library/Frameworks/CoreData.framework; sourceTree = SDKROOT; };
		F3AEEB6C14E2AF66005DBEC0 /* Kitchen-Info.plist */ = {isa = PBXFileReference; lastKnownFileType = text.plist.xml; path = "Kitchen-Info.plist"; sourceTree = "<group>"; };
		F3AEEB6E14E2AF66005DBEC0 /* en */ = {isa = PBXFileReference; lastKnownFileType = text.plist.strings; name = en; path = en.lproj/InfoPlist.strings; sourceTree = "<group>"; };
		F3AEEB7014E2AF66005DBEC0 /* main.m */ = {isa = PBXFileReference; lastKnownFileType = sourcecode.c.objc; path = main.m; sourceTree = "<group>"; };
		F3AEEB7214E2AF66005DBEC0 /* Kitchen-Prefix.pch */ = {isa = PBXFileReference; lastKnownFileType = sourcecode.c.h; path = "Kitchen-Prefix.pch"; sourceTree = "<group>"; };
		F3AEEB7314E2AF66005DBEC0 /* AppDelegate.h */ = {isa = PBXFileReference; lastKnownFileType = sourcecode.c.h; path = AppDelegate.h; sourceTree = "<group>"; };
		F3AEEB7414E2AF66005DBEC0 /* AppDelegate.m */ = {isa = PBXFileReference; lastKnownFileType = sourcecode.c.objc; path = AppDelegate.m; sourceTree = "<group>"; };
		F3AEEB7714E2AF66005DBEC0 /* Kitchen.xcdatamodel */ = {isa = PBXFileReference; lastKnownFileType = wrapper.xcdatamodel; path = Kitchen.xcdatamodel; sourceTree = "<group>"; };
		F3AEEB7E14E2B13F005DBEC0 /* Setting.h */ = {isa = PBXFileReference; fileEncoding = 4; lastKnownFileType = sourcecode.c.h; path = Setting.h; sourceTree = "<group>"; };
		F3AEEB7F14E2B13F005DBEC0 /* Setting.m */ = {isa = PBXFileReference; fileEncoding = 4; lastKnownFileType = sourcecode.c.objc; path = Setting.m; sourceTree = "<group>"; };
		F3AEEB8114E2B154005DBEC0 /* Product.h */ = {isa = PBXFileReference; fileEncoding = 4; lastKnownFileType = sourcecode.c.h; path = Product.h; sourceTree = "<group>"; };
		F3AEEB8214E2B154005DBEC0 /* Product.m */ = {isa = PBXFileReference; fileEncoding = 4; lastKnownFileType = sourcecode.c.objc; path = Product.m; sourceTree = "<group>"; };
		F3AEEB8414E2B155005DBEC0 /* Recipe.h */ = {isa = PBXFileReference; fileEncoding = 4; lastKnownFileType = sourcecode.c.h; path = Recipe.h; sourceTree = "<group>"; };
		F3AEEB8514E2B155005DBEC0 /* Recipe.m */ = {isa = PBXFileReference; fileEncoding = 4; lastKnownFileType = sourcecode.c.objc; path = Recipe.m; sourceTree = "<group>"; };
		F3AEEB9014E2B21C005DBEC0 /* shopping_cart@2x.png */ = {isa = PBXFileReference; lastKnownFileType = image.png; path = "shopping_cart@2x.png"; sourceTree = "<group>"; };
		F3AEEB9114E2B21C005DBEC0 /* shopping_cart.png */ = {isa = PBXFileReference; lastKnownFileType = image.png; path = shopping_cart.png; sourceTree = "<group>"; };
		F3AEEB9414E2B22E005DBEC0 /* warning_sign@2x.png */ = {isa = PBXFileReference; lastKnownFileType = image.png; path = "warning_sign@2x.png"; sourceTree = "<group>"; };
		F3AEEB9514E2B22E005DBEC0 /* warning_sign.png */ = {isa = PBXFileReference; lastKnownFileType = image.png; path = warning_sign.png; sourceTree = "<group>"; };
		F3AEEB9814E2B30E005DBEC0 /* glyphicons_277_pizza.png */ = {isa = PBXFileReference; lastKnownFileType = image.png; path = glyphicons_277_pizza.png; sourceTree = "<group>"; };
		F3AEEB9914E2B30E005DBEC0 /* glyphicons_277_pizza@2x.png */ = {isa = PBXFileReference; lastKnownFileType = image.png; path = "glyphicons_277_pizza@2x.png"; sourceTree = "<group>"; };
		F3AEEB9C14E2B335005DBEC0 /* glyphicons_020_home.png */ = {isa = PBXFileReference; lastKnownFileType = image.png; path = glyphicons_020_home.png; sourceTree = "<group>"; };
		F3AEEB9D14E2B335005DBEC0 /* glyphicons_020_home@2x.png */ = {isa = PBXFileReference; lastKnownFileType = image.png; path = "glyphicons_020_home@2x.png"; sourceTree = "<group>"; };
		F3AEEBA014E2B344005DBEC0 /* glyphicons_012_heart.png */ = {isa = PBXFileReference; lastKnownFileType = image.png; path = glyphicons_012_heart.png; sourceTree = "<group>"; };
		F3AEEBA114E2B344005DBEC0 /* glyphicons_012_heart@2x.png */ = {isa = PBXFileReference; lastKnownFileType = image.png; path = "glyphicons_012_heart@2x.png"; sourceTree = "<group>"; };
		F3AEEBA414E2B5B4005DBEC0 /* de */ = {isa = PBXFileReference; lastKnownFileType = text.plist.strings; name = de; path = /Users/tschwandt/Projekte/ObjC/Kitchen/Kitchen/de.lproj/InfoPlist.strings; sourceTree = "<absolute>"; };
		F3AEEBA714E2B8A4005DBEC0 /* KitchenProductListViewController.h */ = {isa = PBXFileReference; fileEncoding = 4; lastKnownFileType = sourcecode.c.h; path = KitchenProductListViewController.h; sourceTree = "<group>"; };
		F3AEEBA814E2B8A4005DBEC0 /* KitchenProductListViewController.m */ = {isa = PBXFileReference; fileEncoding = 4; lastKnownFileType = sourcecode.c.objc; path = KitchenProductListViewController.m; sourceTree = "<group>"; };
		F3BB610C14E6A11B0055CB71 /* AttentionProductListViewController.h */ = {isa = PBXFileReference; fileEncoding = 4; lastKnownFileType = sourcecode.c.h; path = AttentionProductListViewController.h; sourceTree = "<group>"; };
		F3BB610D14E6A11B0055CB71 /* AttentionProductListViewController.m */ = {isa = PBXFileReference; fileEncoding = 4; lastKnownFileType = sourcecode.c.objc; path = AttentionProductListViewController.m; sourceTree = "<group>"; };
		F3BB611314E6B9390055CB71 /* RecipeWebViewController.h */ = {isa = PBXFileReference; fileEncoding = 4; lastKnownFileType = sourcecode.c.h; path = RecipeWebViewController.h; sourceTree = "<group>"; };
		F3BB611414E6B9390055CB71 /* RecipeWebViewController.m */ = {isa = PBXFileReference; fileEncoding = 4; lastKnownFileType = sourcecode.c.objc; path = RecipeWebViewController.m; sourceTree = "<group>"; };
		F3EBADD114E7102000756854 /* iPhone.png */ = {isa = PBXFileReference; lastKnownFileType = image.png; name = iPhone.png; path = ../iPhone.png; sourceTree = "<group>"; };
		F3EBADD514E710F500756854 /* iPhone4.png */ = {isa = PBXFileReference; lastKnownFileType = image.png; name = iPhone4.png; path = ../iPhone4.png; sourceTree = "<group>"; };
/* End PBXFileReference section */

/* Begin PBXFrameworksBuildPhase section */
		F3AEEB5B14E2AF66005DBEC0 /* Frameworks */ = {
			isa = PBXFrameworksBuildPhase;
			buildActionMask = 2147483647;
			files = (
				F3AEEB6314E2AF66005DBEC0 /* UIKit.framework in Frameworks */,
				F3AEEB6514E2AF66005DBEC0 /* Foundation.framework in Frameworks */,
				F3AEEB6714E2AF66005DBEC0 /* CoreGraphics.framework in Frameworks */,
				F3AEEB6914E2AF66005DBEC0 /* CoreData.framework in Frameworks */,
			);
			runOnlyForDeploymentPostprocessing = 0;
		};
/* End PBXFrameworksBuildPhase section */

/* Begin PBXGroup section */
		F36AF8E814E5B0AB007D00A7 /* Basket */ = {
			isa = PBXGroup;
			children = (
				F36AF8EA14E5B0EC007D00A7 /* BasketProductListViewController.h */,
				F36AF8EB14E5B0EC007D00A7 /* BasketProductListViewController.m */,
				F36AF91614E5E1F9007D00A7 /* BasketProductSingleViewController.h */,
				F36AF91714E5E1F9007D00A7 /* BasketProductSingleViewController.m */,
			);
			name = Basket;
			sourceTree = "<group>";
		};
		F36AF8ED14E5BCC4007D00A7 /* Helper */ = {
			isa = PBXGroup;
			children = (
				F36AF8EE14E5BCED007D00A7 /* BasketCheckBoxUIControl.h */,
				F36AF8EF14E5BCED007D00A7 /* BasketCheckBoxUIControl.m */,
			);
			name = Helper;
			sourceTree = "<group>";
		};
		F36AF8F114E5BD69007D00A7 /* UI */ = {
			isa = PBXGroup;
			children = (
				F36AF8F214E5BD73007D00A7 /* CheckBox */,
			);
			name = UI;
			sourceTree = "<group>";
		};
		F36AF8F214E5BD73007D00A7 /* CheckBox */ = {
			isa = PBXGroup;
			children = (
				F36AF90B14E5D1AD007D00A7 /* glyphicons_150_check@2x.png */,
				F36AF90C14E5D1AD007D00A7 /* glyphicons_150_uncheck@2x.png */,
				F36AF90D14E5D1AD007D00A7 /* glyphicons_150_uncheck.png */,
				F36AF90E14E5D1AE007D00A7 /* glyphicons_150_check.png */,
			);
			name = CheckBox;
			sourceTree = "<group>";
		};
		F3AEEB5314E2AF66005DBEC0 = {
			isa = PBXGroup;
			children = (
				F3AEEB6A14E2AF66005DBEC0 /* Kitchen */,
				F3AEEB6114E2AF66005DBEC0 /* Frameworks */,
				F3AEEB5F14E2AF66005DBEC0 /* Products */,
			);
			sourceTree = "<group>";
		};
		F3AEEB5F14E2AF66005DBEC0 /* Products */ = {
			isa = PBXGroup;
			children = (
				F3AEEB5E14E2AF66005DBEC0 /* Kitchen.app */,
			);
			name = Products;
			sourceTree = "<group>";
		};
		F3AEEB6114E2AF66005DBEC0 /* Frameworks */ = {
			isa = PBXGroup;
			children = (
				F3AEEB6214E2AF66005DBEC0 /* UIKit.framework */,
				F3AEEB6414E2AF66005DBEC0 /* Foundation.framework */,
				F3AEEB6614E2AF66005DBEC0 /* CoreGraphics.framework */,
				F3AEEB6814E2AF66005DBEC0 /* CoreData.framework */,
			);
			name = Frameworks;
			sourceTree = "<group>";
		};
		F3AEEB6A14E2AF66005DBEC0 /* Kitchen */ = {
			isa = PBXGroup;
			children = (
				F3AEEB8D14E2B1E8005DBEC0 /* Assets */,
				F3AEEB7314E2AF66005DBEC0 /* AppDelegate.h */,
				F3AEEB7414E2AF66005DBEC0 /* AppDelegate.m */,
				F35596F514E7CE13009B6217 /* Storyboard.storyboard */,
				F36AF8ED14E5BCC4007D00A7 /* Helper */,
				F3AEEBA514E2B82E005DBEC0 /* Controller */,
				F3AEEB8A14E2B15D005DBEC0 /* Model */,
				F3AEEB6B14E2AF66005DBEC0 /* Supporting Files */,
			);
			path = Kitchen;
			sourceTree = "<group>";
		};
		F3AEEB6B14E2AF66005DBEC0 /* Supporting Files */ = {
			isa = PBXGroup;
			children = (
				F3AEEB6C14E2AF66005DBEC0 /* Kitchen-Info.plist */,
				F3AEEB6D14E2AF66005DBEC0 /* InfoPlist.strings */,
				F3AEEB7014E2AF66005DBEC0 /* main.m */,
				F3AEEB7214E2AF66005DBEC0 /* Kitchen-Prefix.pch */,
			);
			name = "Supporting Files";
			sourceTree = "<group>";
		};
		F3AEEB8A14E2B15D005DBEC0 /* Model */ = {
			isa = PBXGroup;
			children = (
				F3AEEB7614E2AF66005DBEC0 /* Kitchen.xcdatamodeld */,
				F36AF91314E5DF36007D00A7 /* BasketProduct.h */,
				F36AF91414E5DF36007D00A7 /* BasketProduct.m */,
				F3AEEB8414E2B155005DBEC0 /* Recipe.h */,
				F3AEEB8514E2B155005DBEC0 /* Recipe.m */,
				F3AEEB8114E2B154005DBEC0 /* Product.h */,
				F3AEEB8214E2B154005DBEC0 /* Product.m */,
				F3AEEB7E14E2B13F005DBEC0 /* Setting.h */,
				F3AEEB7F14E2B13F005DBEC0 /* Setting.m */,
			);
			name = Model;
			sourceTree = "<group>";
		};
		F3AEEB8D14E2B1E8005DBEC0 /* Assets */ = {
			isa = PBXGroup;
			children = (
				F3EBADCB14E70FE300756854 /* Icon */,
				F36AF8F114E5BD69007D00A7 /* UI */,
				F3AEEB8E14E2B1F1005DBEC0 /* Pictures */,
			);
			name = Assets;
			sourceTree = "<group>";
		};
		F3AEEB8E14E2B1F1005DBEC0 /* Pictures */ = {
			isa = PBXGroup;
			children = (
				F3AEEB8F14E2B1FA005DBEC0 /* Tabs */,
			);
			name = Pictures;
			sourceTree = "<group>";
		};
		F3AEEB8F14E2B1FA005DBEC0 /* Tabs */ = {
			isa = PBXGroup;
			children = (
				F3AEEBA014E2B344005DBEC0 /* glyphicons_012_heart.png */,
				F3AEEBA114E2B344005DBEC0 /* glyphicons_012_heart@2x.png */,
				F3AEEB9C14E2B335005DBEC0 /* glyphicons_020_home.png */,
				F3AEEB9D14E2B335005DBEC0 /* glyphicons_020_home@2x.png */,
				F3AEEB9414E2B22E005DBEC0 /* warning_sign@2x.png */,
				F3AEEB9514E2B22E005DBEC0 /* warning_sign.png */,
				F3AEEB9014E2B21C005DBEC0 /* shopping_cart@2x.png */,
				F3AEEB9114E2B21C005DBEC0 /* shopping_cart.png */,
				F3AEEB9814E2B30E005DBEC0 /* glyphicons_277_pizza.png */,
				F3AEEB9914E2B30E005DBEC0 /* glyphicons_277_pizza@2x.png */,
			);
			name = Tabs;
			sourceTree = "<group>";
		};
		F3AEEBA514E2B82E005DBEC0 /* Controller */ = {
			isa = PBXGroup;
			children = (
				F3AEEBA614E2B86E005DBEC0 /* Kitchen */,
				F3BB610A14E6A0E70055CB71 /* Attention */,
				F3BB610F14E6A8910055CB71 /* Recipes */,
				F36AF8E814E5B0AB007D00A7 /* Basket */,
			);
			name = Controller;
			sourceTree = "<group>";
		};
		F3AEEBA614E2B86E005DBEC0 /* Kitchen */ = {
			isa = PBXGroup;
			children = (
				F3AEEBA714E2B8A4005DBEC0 /* KitchenProductListViewController.h */,
				F3AEEBA814E2B8A4005DBEC0 /* KitchenProductListViewController.m */,
				F35E780814E481D1000185F2 /* KitchenProductSingleInformationViewController.h */,
				F35E780914E481D1000185F2 /* KitchenProductSingleInformationViewController.m */,
			);
			name = Kitchen;
			sourceTree = "<group>";
		};
		F3BB610A14E6A0E70055CB71 /* Attention */ = {
			isa = PBXGroup;
			children = (
				F3BB610C14E6A11B0055CB71 /* AttentionProductListViewController.h */,
				F3BB610D14E6A11B0055CB71 /* AttentionProductListViewController.m */,
			);
			name = Attention;
			sourceTree = "<group>";
		};
		F3BB610F14E6A8910055CB71 /* Recipes */ = {
			isa = PBXGroup;
			children = (
				F3BB611314E6B9390055CB71 /* RecipeWebViewController.h */,
				F3BB611414E6B9390055CB71 /* RecipeWebViewController.m */,
			);
			name = Recipes;
			sourceTree = "<group>";
		};
		F3EBADCB14E70FE300756854 /* Icon */ = {
			isa = PBXGroup;
			children = (
				F3EBADD514E710F500756854 /* iPhone4.png */,
				F3EBADD114E7102000756854 /* iPhone.png */,
			);
			name = Icon;
			sourceTree = "<group>";
		};
/* End PBXGroup section */

/* Begin PBXNativeTarget section */
		F3AEEB5D14E2AF66005DBEC0 /* Kitchen */ = {
			isa = PBXNativeTarget;
			buildConfigurationList = F3AEEB7B14E2AF66005DBEC0 /* Build configuration list for PBXNativeTarget "Kitchen" */;
			buildPhases = (
				F3AEEB5A14E2AF66005DBEC0 /* Sources */,
				F3AEEB5B14E2AF66005DBEC0 /* Frameworks */,
				F3AEEB5C14E2AF66005DBEC0 /* Resources */,
			);
			buildRules = (
			);
			dependencies = (
			);
			name = Kitchen;
			productName = Kitchen;
			productReference = F3AEEB5E14E2AF66005DBEC0 /* Kitchen.app */;
			productType = "com.apple.product-type.application";
		};
/* End PBXNativeTarget section */

/* Begin PBXProject section */
		F3AEEB5514E2AF66005DBEC0 /* Project object */ = {
			isa = PBXProject;
			attributes = {
				LastUpgradeCheck = 0420;
				ORGANIZATIONNAME = Zebresel;
			};
			buildConfigurationList = F3AEEB5814E2AF66005DBEC0 /* Build configuration list for PBXProject "Kitchen" */;
			compatibilityVersion = "Xcode 3.2";
			developmentRegion = English;
			hasScannedForEncodings = 0;
			knownRegions = (
				en,
				de,
			);
			mainGroup = F3AEEB5314E2AF66005DBEC0;
			productRefGroup = F3AEEB5F14E2AF66005DBEC0 /* Products */;
			projectDirPath = "";
			projectRoot = "";
			targets = (
				F3AEEB5D14E2AF66005DBEC0 /* Kitchen */,
			);
		};
/* End PBXProject section */

/* Begin PBXResourcesBuildPhase section */
		F3AEEB5C14E2AF66005DBEC0 /* Resources */ = {
			isa = PBXResourcesBuildPhase;
			buildActionMask = 2147483647;
			files = (
				F3AEEB6F14E2AF66005DBEC0 /* InfoPlist.strings in Resources */,
				F35596F314E7CE13009B6217 /* Storyboard.storyboard in Resources */,
				F3AEEB9214E2B21C005DBEC0 /* shopping_cart@2x.png in Resources */,
				F3AEEB9314E2B21C005DBEC0 /* shopping_cart.png in Resources */,
				F3AEEB9614E2B22E005DBEC0 /* warning_sign@2x.png in Resources */,
				F3AEEB9714E2B22E005DBEC0 /* warning_sign.png in Resources */,
				F3AEEB9A14E2B30E005DBEC0 /* glyphicons_277_pizza.png in Resources */,
				F3AEEB9B14E2B30E005DBEC0 /* glyphicons_277_pizza@2x.png in Resources */,
				F3AEEB9E14E2B335005DBEC0 /* glyphicons_020_home.png in Resources */,
				F3AEEB9F14E2B335005DBEC0 /* glyphicons_020_home@2x.png in Resources */,
				F3AEEBA214E2B344005DBEC0 /* glyphicons_012_heart.png in Resources */,
				F3AEEBA314E2B344005DBEC0 /* glyphicons_012_heart@2x.png in Resources */,
				F36AF90F14E5D1AE007D00A7 /* glyphicons_150_check@2x.png in Resources */,
				F36AF91014E5D1AE007D00A7 /* glyphicons_150_uncheck@2x.png in Resources */,
				F36AF91114E5D1AE007D00A7 /* glyphicons_150_uncheck.png in Resources */,
				F36AF91214E5D1AE007D00A7 /* glyphicons_150_check.png in Resources */,
				F3EBADD214E7102000756854 /* iPhone.png in Resources */,
				F3EBADD614E710F500756854 /* iPhone4.png in Resources */,
			);
			runOnlyForDeploymentPostprocessing = 0;
		};
/* End PBXResourcesBuildPhase section */

/* Begin PBXSourcesBuildPhase section */
		F3AEEB5A14E2AF66005DBEC0 /* Sources */ = {
			isa = PBXSourcesBuildPhase;
			buildActionMask = 2147483647;
			files = (
				F3AEEB7114E2AF66005DBEC0 /* main.m in Sources */,
				F3AEEB7514E2AF66005DBEC0 /* AppDelegate.m in Sources */,
				F3AEEB7814E2AF66005DBEC0 /* Kitchen.xcdatamodeld in Sources */,
				F3AEEB8014E2B13F005DBEC0 /* Setting.m in Sources */,
				F3AEEB8314E2B154005DBEC0 /* Product.m in Sources */,
				F3AEEB8614E2B155005DBEC0 /* Recipe.m in Sources */,
				F3AEEBA914E2B8A4005DBEC0 /* KitchenProductListViewController.m in Sources */,
				F35E780A14E481D1000185F2 /* KitchenProductSingleInformationViewController.m in Sources */,
				F36AF8EC14E5B0EC007D00A7 /* BasketProductListViewController.m in Sources */,
				F36AF8F014E5BCED007D00A7 /* BasketCheckBoxUIControl.m in Sources */,
				F36AF91514E5DF36007D00A7 /* BasketProduct.m in Sources */,
				F36AF91814E5E1F9007D00A7 /* BasketProductSingleViewController.m in Sources */,
				F3BB610E14E6A11B0055CB71 /* AttentionProductListViewController.m in Sources */,
				F3BB611514E6B9390055CB71 /* RecipeWebViewController.m in Sources */,
			);
			runOnlyForDeploymentPostprocessing = 0;
		};
/* End PBXSourcesBuildPhase section */

/* Begin PBXVariantGroup section */
		F35596F514E7CE13009B6217 /* Storyboard.storyboard */ = {
			isa = PBXVariantGroup;
			children = (
				F35596F414E7CE13009B6217 /* en */,
				F35596F614E7CF6D009B6217 /* de */,
			);
			name = Storyboard.storyboard;
			sourceTree = "<group>";
		};
		F3AEEB6D14E2AF66005DBEC0 /* InfoPlist.strings */ = {
			isa = PBXVariantGroup;
			children = (
				F3AEEB6E14E2AF66005DBEC0 /* en */,
				F3AEEBA414E2B5B4005DBEC0 /* de */,
			);
			name = InfoPlist.strings;
			sourceTree = "<group>";
		};
/* End PBXVariantGroup section */

/* Begin XCBuildConfiguration section */
		F3AEEB7914E2AF66005DBEC0 /* Debug */ = {
			isa = XCBuildConfiguration;
			buildSettings = {
				ALWAYS_SEARCH_USER_PATHS = NO;
				ARCHS = "$(ARCHS_STANDARD_32_BIT)";
				CLANG_ENABLE_OBJC_ARC = YES;
				"CODE_SIGN_IDENTITY[sdk=iphoneos*]" = "iPhone Developer";
				COPY_PHASE_STRIP = NO;
				GCC_C_LANGUAGE_STANDARD = gnu99;
				GCC_DYNAMIC_NO_PIC = NO;
				GCC_OPTIMIZATION_LEVEL = 0;
				GCC_PREPROCESSOR_DEFINITIONS = (
					"DEBUG=1",
					"$(inherited)",
				);
				GCC_SYMBOLS_PRIVATE_EXTERN = NO;
				GCC_VERSION = com.apple.compilers.llvm.clang.1_0;
				GCC_WARN_ABOUT_MISSING_PROTOTYPES = YES;
				GCC_WARN_ABOUT_RETURN_TYPE = YES;
				GCC_WARN_UNUSED_VARIABLE = YES;
				IPHONEOS_DEPLOYMENT_TARGET = 5.0;
				SDKROOT = iphoneos;
			};
			name = Debug;
		};
		F3AEEB7A14E2AF66005DBEC0 /* Release */ = {
			isa = XCBuildConfiguration;
			buildSettings = {
				ALWAYS_SEARCH_USER_PATHS = NO;
				ARCHS = "$(ARCHS_STANDARD_32_BIT)";
				CLANG_ENABLE_OBJC_ARC = YES;
				"CODE_SIGN_IDENTITY[sdk=iphoneos*]" = "iPhone Developer";
				COPY_PHASE_STRIP = YES;
				GCC_C_LANGUAGE_STANDARD = gnu99;
				GCC_VERSION = com.apple.compilers.llvm.clang.1_0;
				GCC_WARN_ABOUT_MISSING_PROTOTYPES = YES;
				GCC_WARN_ABOUT_RETURN_TYPE = YES;
				GCC_WARN_UNUSED_VARIABLE = YES;
				IPHONEOS_DEPLOYMENT_TARGET = 5.0;
				OTHER_CFLAGS = "-DNS_BLOCK_ASSERTIONS=1";
				SDKROOT = iphoneos;
				VALIDATE_PRODUCT = YES;
			};
			name = Release;
		};
		F3AEEB7C14E2AF66005DBEC0 /* Debug */ = {
			isa = XCBuildConfiguration;
			buildSettings = {
				GCC_PRECOMPILE_PREFIX_HEADER = YES;
				GCC_PREFIX_HEADER = "Kitchen/Kitchen-Prefix.pch";
				INFOPLIST_FILE = "Kitchen/Kitchen-Info.plist";
				PRODUCT_NAME = "$(TARGET_NAME)";
				WRAPPER_EXTENSION = app;
			};
			name = Debug;
		};
		F3AEEB7D14E2AF66005DBEC0 /* Release */ = {
			isa = XCBuildConfiguration;
			buildSettings = {
				GCC_PRECOMPILE_PREFIX_HEADER = YES;
				GCC_PREFIX_HEADER = "Kitchen/Kitchen-Prefix.pch";
				INFOPLIST_FILE = "Kitchen/Kitchen-Info.plist";
				PRODUCT_NAME = "$(TARGET_NAME)";
				WRAPPER_EXTENSION = app;
			};
			name = Release;
		};
/* End XCBuildConfiguration section */

/* Begin XCConfigurationList section */
		F3AEEB5814E2AF66005DBEC0 /* Build configuration list for PBXProject "Kitchen" */ = {
			isa = XCConfigurationList;
			buildConfigurations = (
				F3AEEB7914E2AF66005DBEC0 /* Debug */,
				F3AEEB7A14E2AF66005DBEC0 /* Release */,
			);
			defaultConfigurationIsVisible = 0;
			defaultConfigurationName = Release;
		};
		F3AEEB7B14E2AF66005DBEC0 /* Build configuration list for PBXNativeTarget "Kitchen" */ = {
			isa = XCConfigurationList;
			buildConfigurations = (
				F3AEEB7C14E2AF66005DBEC0 /* Debug */,
				F3AEEB7D14E2AF66005DBEC0 /* Release */,
			);
			defaultConfigurationIsVisible = 0;
			defaultConfigurationName = Release;
		};
/* End XCConfigurationList section */

/* Begin XCVersionGroup section */
		F3AEEB7614E2AF66005DBEC0 /* Kitchen.xcdatamodeld */ = {
			isa = XCVersionGroup;
			children = (
				F3AEEB7714E2AF66005DBEC0 /* Kitchen.xcdatamodel */,
			);
			currentVersion = F3AEEB7714E2AF66005DBEC0 /* Kitchen.xcdatamodel */;
			path = Kitchen.xcdatamodeld;
			sourceTree = "<group>";
			versionGroupType = wrapper.xcdatamodel;
		};
/* End XCVersionGroup section */
	};
	rootObject = F3AEEB5514E2AF66005DBEC0 /* Project object */;
}
